Microsoft Visual Studio Solution File, Format Version 12.00
# Visual Studio Version 17
VisualStudioVersion = 17.5.2.0
MinimumVisualStudioVersion = 10.0.40219.1
Project("{FAE04EC0-301F-11D3-BF4B-00C04F79EFBC}") = "MudBlazorWeatherApp", "MudBlazorWeatherApp\MudBlazorWeatherApp.csproj", "{F28E863E-CB28-50CD-F7F4-B4F8F3FF8C43}"
EndProject
Project("{FAE04EC0-301F-11D3-BF4B-00C04F79EFBC}") = "MudBlazorWeatherApp.Client", "MudBlazorWeatherApp.Client\MudBlazorWeatherApp.Client.csproj", "{E8382B1E-1400-7C1C-3AEB-2EAF4E930E2E}"
EndProject
Global
	GlobalSection(SolutionConfigurationPlatforms) = preSolution
		Debug|Any CPU = Debug|Any CPU
		Release|Any CPU = Release|Any CPU
	EndGlobalSection
	GlobalSection(ProjectConfigurationPlatforms) = postSolution
		{F28E863E-CB28-50CD-F7F4-B4F8F3FF8C43}.Debug|Any CPU.ActiveCfg = Debug|Any CPU
		{F28E863E-CB28-50CD-F7F4-B4F8F3FF8C43}.Debug|Any CPU.Build.0 = Debug|Any CPU
		{F28E863E-CB28-50CD-F7F4-B4F8F3FF8C43}.Release|Any CPU.ActiveCfg = Release|Any CPU
		{F28E863E-CB28-50CD-F7F4-B4F8F3FF8C43}.Release|Any CPU.Build.0 = Release|Any CPU
		{E8382B1E-1400-7C1C-3AEB-2EAF4E930E2E}.Debug|Any CPU.ActiveCfg = Debug|Any CPU
		{E8382B1E-1400-7C1C-3AEB-2EAF4E930E2E}.Debug|Any CPU.Build.0 = Debug|Any CPU
		{E8382B1E-1400-7C1C-3AEB-2EAF4E930E2E}.Release|Any CPU.ActiveCfg = Release|Any CPU
		{E8382B1E-1400-7C1C-3AEB-2EAF4E930E2E}.Release|Any CPU.Build.0 = Release|Any CPU
	EndGlobalSection
	GlobalSection(SolutionProperties) = preSolution
		HideSolutionNode = FALSE
	EndGlobalSection
	GlobalSection(ExtensibilityGlobals) = postSolution
		SolutionGuid = {14BEC039-26CD-44B1-A8D1-5AECF36DD303}
	EndGlobalSection
EndGlobal
